
Microsoft Visual Studio Solution File, Format Version 12.00
# Visual Studio Version 16
VisualStudioVersion = 16.0.32002.261
MinimumVisualStudioVersion = 10.0.40219.1
Project("{FAE04EC0-301F-11D3-BF4B-00C04F79EFBC}") = "MyFramework", "MyFramework\MyFramework.csproj", "{3AEFFC65-001C-4FED-B0DB-4B60835304B1}"
EndProject
Global
	GlobalSection(SolutionConfigurationPlatforms) = preSolution
		Debug|Any CPU = Debug|Any CPU
		Release|Any CPU = Release|Any CPU
	EndGlobalSection
	GlobalSection(ProjectConfigurationPlatforms) = postSolution
		{3AEFFC65-001C-4FED-B0DB-4B60835304B1}.Debug|Any CPU.ActiveCfg = Debug|Any CPU
		{3AEFFC65-001C-4FED-B0DB-4B60835304B1}.Debug|Any CPU.Build.0 = Debug|Any CPU
		{3AEFFC65-001C-4FED-B0DB-4B60835304B1}.Release|Any CPU.ActiveCfg = Release|Any CPU
		{3AEFFC65-001C-4FED-B0DB-4B60835304B1}.Release|Any CPU.Build.0 = Release|Any CPU
	EndGlobalSection
	GlobalSection(SolutionProperties) = preSolution
		HideSolutionNode = FALSE
	EndGlobalSection
	GlobalSection(ExtensibilityGlobals) = postSolution
		SolutionGuid = {138A06BE-014F-4EE2-AE34-F3E4196B1CF9}
	EndGlobalSection
EndGlobal
